
Microsoft Visual Studio Solution File, Format Version 12.00
# Visual Studio Version 16
VisualStudioVersion = 16.0.30523.141
MinimumVisualStudioVersion = 10.0.40219.1
Project("{FAE04EC0-301F-11D3-BF4B-00C04F79EFBC}") = "Homework 6", "Homework 6\Homework 6.csproj", "{86684219-DD83-468A-9808-46B1F87FEEF6}"
EndProject
Global
	GlobalSection(SolutionConfigurationPlatforms) = preSolution
		Debug|Any CPU = Debug|Any CPU
		Release|Any CPU = Release|Any CPU
	EndGlobalSection
	GlobalSection(ProjectConfigurationPlatforms) = postSolution
		{86684219-DD83-468A-9808-46B1F87FEEF6}.Debug|Any CPU.ActiveCfg = Debug|Any CPU
		{86684219-DD83-468A-9808-46B1F87FEEF6}.Debug|Any CPU.Build.0 = Debug|Any CPU
		{86684219-DD83-468A-9808-46B1F87FEEF6}.Release|Any CPU.ActiveCfg = Release|Any CPU
		{86684219-DD83-468A-9808-46B1F87FEEF6}.Release|Any CPU.Build.0 = Release|Any CPU
	EndGlobalSection
	GlobalSection(SolutionProperties) = preSolution
		HideSolutionNode = FALSE
	EndGlobalSection
	GlobalSection(ExtensibilityGlobals) = postSolution
		SolutionGuid = {43D26BA2-4AB8-4A66-AC04-97CDF4158D16}
	EndGlobalSection
EndGlobal
